
Microsoft Visual Studio Solution File, Format Version 12.00
# Visual Studio 15
VisualStudioVersion = 15.0.27428.2037
MinimumVisualStudioVersion = 10.0.40219.1
Project("{9A19103F-16F7-4668-BE54-9A1E7A4F7556}") = "RepeaterBook", "RepeaterBook\RepeaterBook.csproj", "{E7A830AD-59A9-4921-B0F8-90E58B37552B}"
EndProject
Project("{9A19103F-16F7-4668-BE54-9A1E7A4F7556}") = "RepeaterBookConsole", "RepeaterBookConsole\RepeaterBookConsole.csproj", "{1E7190E2-4A69-4D26-914A-943A8D2FCCA7}"
EndProject
Global
	GlobalSection(SolutionConfigurationPlatforms) = preSolution
		Debug|Any CPU = Debug|Any CPU
		Release|Any CPU = Release|Any CPU
	EndGlobalSection
	GlobalSection(ProjectConfigurationPlatforms) = postSolution
		{E7A830AD-59A9-4921-B0F8-90E58B37552B}.Debug|Any CPU.ActiveCfg = Debug|Any CPU
		{E7A830AD-59A9-4921-B0F8-90E58B37552B}.Debug|Any CPU.Build.0 = Debug|Any CPU
		{E7A830AD-59A9-4921-B0F8-90E58B37552B}.Release|Any CPU.ActiveCfg = Release|Any CPU
		{E7A830AD-59A9-4921-B0F8-90E58B37552B}.Release|Any CPU.Build.0 = Release|Any CPU
		{1E7190E2-4A69-4D26-914A-943A8D2FCCA7}.Debug|Any CPU.ActiveCfg = Debug|Any CPU
		{1E7190E2-4A69-4D26-914A-943A8D2FCCA7}.Debug|Any CPU.Build.0 = Debug|Any CPU
		{1E7190E2-4A69-4D26-914A-943A8D2FCCA7}.Release|Any CPU.ActiveCfg = Release|Any CPU
		{1E7190E2-4A69-4D26-914A-943A8D2FCCA7}.Release|Any CPU.Build.0 = Release|Any CPU
	EndGlobalSection
	GlobalSection(SolutionProperties) = preSolution
		HideSolutionNode = FALSE
	EndGlobalSection
	GlobalSection(ExtensibilityGlobals) = postSolution
		SolutionGuid = {6FD0ED43-D640-405F-887C-07836C6399CB}
	EndGlobalSection
EndGlobal
